{
  "name": "@guoxiaoshuai2023/oh-my-harness",
  "version": "0.1.0",
  "lockfileVersion": 3,
  "requires": true,
  "packages": {
    "": {
      "name": "@guoxiaoshuai2023/oh-my-harness",
      "version": "0.1.0",
      "license": "Apache-2.0",
      "engines": {
        "node": ">=24 <25"
      },
      "bin": {
        "oh-my-harness": "bin/oh-my-harness.mjs"
      }
    }
  }
}
